
Microsoft Visual Studio Solution File, Format Version 12.00
# Visual Studio Version 17
VisualStudioVersion = 17.9.34723.18
MinimumVisualStudioVersion = 10.0.40219.1
Project("{2150E333-8FDC-42A3-9474-1A3956D46DE8}") = "QuadraticEquation", "QuadraticEquation", "{75C55EA7-A58D-4F04-9ECD-66BE41E797F7}"
EndProject
Project("{9A19103F-16F7-4668-BE54-9A1E7A4F7556}") = "MainPatterns.QuadraticEquation", "Src\QuadraticEquation\MainPatterns.QuadraticEquation.csproj", "{BD994607-FFC3-4F6D-8657-F5AF6A8B4932}"
EndProject
Project("{9A19103F-16F7-4668-BE54-9A1E7A4F7556}") = "MainPatterns.QuadraticEquation.UnitTests", "Src\QuadraticEquation.UnitTests\MainPatterns.QuadraticEquation.UnitTests.csproj", "{50CE6BAF-8B6F-417F-938E-446398DC3278}"
EndProject
Project("{2150E333-8FDC-42A3-9474-1A3956D46DE8}") = "SpaceBattle", "SpaceBattle", "{F26C75A4-E25D-491F-ACE5-D0D5A6CADD91}"
EndProject
Project("{9A19103F-16F7-4668-BE54-9A1E7A4F7556}") = "MainPatterns.SpaceBattle", "Src\SpaceBattle\MainPatterns.SpaceBattle.csproj", "{765F8561-4B91-4BA9-A631-DD91B66D3D99}"
EndProject
Project("{9A19103F-16F7-4668-BE54-9A1E7A4F7556}") = "MainPatterns.SpaceBattle.UnitTests", "Src\SpaceBattle.UnitTests\MainPatterns.SpaceBattle.UnitTests.csproj", "{F31F9475-ACD1-42C7-BC53-502CB504A863}"
EndProject
Global
	GlobalSection(SolutionConfigurationPlatforms) = preSolution
		Debug|Any CPU = Debug|Any CPU
		Release|Any CPU = Release|Any CPU
	EndGlobalSection
	GlobalSection(ProjectConfigurationPlatforms) = postSolution
		{BD994607-FFC3-4F6D-8657-F5AF6A8B4932}.Debug|Any CPU.ActiveCfg = Debug|Any CPU
		{BD994607-FFC3-4F6D-8657-F5AF6A8B4932}.Debug|Any CPU.Build.0 = Debug|Any CPU
		{BD994607-FFC3-4F6D-8657-F5AF6A8B4932}.Release|Any CPU.ActiveCfg = Release|Any CPU
		{BD994607-FFC3-4F6D-8657-F5AF6A8B4932}.Release|Any CPU.Build.0 = Release|Any CPU
		{50CE6BAF-8B6F-417F-938E-446398DC3278}.Debug|Any CPU.ActiveCfg = Debug|Any CPU
		{50CE6BAF-8B6F-417F-938E-446398DC3278}.Debug|Any CPU.Build.0 = Debug|Any CPU
		{50CE6BAF-8B6F-417F-938E-446398DC3278}.Release|Any CPU.ActiveCfg = Release|Any CPU
		{50CE6BAF-8B6F-417F-938E-446398DC3278}.Release|Any CPU.Build.0 = Release|Any CPU
		{765F8561-4B91-4BA9-A631-DD91B66D3D99}.Debug|Any CPU.ActiveCfg = Debug|Any CPU
		{765F8561-4B91-4BA9-A631-DD91B66D3D99}.Debug|Any CPU.Build.0 = Debug|Any CPU
		{765F8561-4B91-4BA9-A631-DD91B66D3D99}.Release|Any CPU.ActiveCfg = Release|Any CPU
		{765F8561-4B91-4BA9-A631-DD91B66D3D99}.Release|Any CPU.Build.0 = Release|Any CPU
		{F31F9475-ACD1-42C7-BC53-502CB504A863}.Debug|Any CPU.ActiveCfg = Debug|Any CPU
		{F31F9475-ACD1-42C7-BC53-502CB504A863}.Debug|Any CPU.Build.0 = Debug|Any CPU
		{F31F9475-ACD1-42C7-BC53-502CB504A863}.Release|Any CPU.ActiveCfg = Release|Any CPU
		{F31F9475-ACD1-42C7-BC53-502CB504A863}.Release|Any CPU.Build.0 = Release|Any CPU
	EndGlobalSection
	GlobalSection(SolutionProperties) = preSolution
		HideSolutionNode = FALSE
	EndGlobalSection
	GlobalSection(NestedProjects) = preSolution
		{BD994607-FFC3-4F6D-8657-F5AF6A8B4932} = {75C55EA7-A58D-4F04-9ECD-66BE41E797F7}
		{50CE6BAF-8B6F-417F-938E-446398DC3278} = {75C55EA7-A58D-4F04-9ECD-66BE41E797F7}
		{765F8561-4B91-4BA9-A631-DD91B66D3D99} = {F26C75A4-E25D-491F-ACE5-D0D5A6CADD91}
		{F31F9475-ACD1-42C7-BC53-502CB504A863} = {F26C75A4-E25D-491F-ACE5-D0D5A6CADD91}
	EndGlobalSection
	GlobalSection(ExtensibilityGlobals) = postSolution
		SolutionGuid = {EAF59454-EA82-48BB-A24C-849495E6614C}
	EndGlobalSection
EndGlobal
